
Microsoft Visual Studio Solution File, Format Version 12.00
# Visual Studio Version 16
VisualStudioVersion = 16.0.31911.196
MinimumVisualStudioVersion = 10.0.40219.1
Project("{FAE04EC0-301F-11D3-BF4B-00C04F79EFBC}") = "RDPClient", "RDPClient.csproj", "{F40E1E91-D030-4CBF-96D2-9AFDD9E4488E}"
EndProject
Global
	GlobalSection(SolutionConfigurationPlatforms) = preSolution
		Debug|Any CPU = Debug|Any CPU
		Release|Any CPU = Release|Any CPU
	EndGlobalSection
	GlobalSection(ProjectConfigurationPlatforms) = postSolution
		{F40E1E91-D030-4CBF-96D2-9AFDD9E4488E}.Debug|Any CPU.ActiveCfg = Debug|Any CPU
		{F40E1E91-D030-4CBF-96D2-9AFDD9E4488E}.Debug|Any CPU.Build.0 = Debug|Any CPU
		{F40E1E91-D030-4CBF-96D2-9AFDD9E4488E}.Release|Any CPU.ActiveCfg = Release|Any CPU
		{F40E1E91-D030-4CBF-96D2-9AFDD9E4488E}.Release|Any CPU.Build.0 = Release|Any CPU
	EndGlobalSection
	GlobalSection(SolutionProperties) = preSolution
		HideSolutionNode = FALSE
	EndGlobalSection
	GlobalSection(ExtensibilityGlobals) = postSolution
		SolutionGuid = {9F803548-D60A-4892-BC56-508307A24F07}
	EndGlobalSection
EndGlobal
